
Microsoft Visual Studio Solution File, Format Version 12.00
# Visual Studio 15
VisualStudioVersion = 15.0.28307.329
MinimumVisualStudioVersion = 10.0.40219.1
Project("{8BC9CEB8-8B4A-11D0-8D11-00A0C91BC942}") = "powerset", "powerset\powerset.vcxproj", "{30085566-F0B7-4A8E-A5AD-270CDA8C13EF}"
EndProject
Global
	GlobalSection(SolutionConfigurationPlatforms) = preSolution
		Debug|x64 = Debug|x64
		Debug|x86 = Debug|x86
		Release|x64 = Release|x64
		Release|x86 = Release|x86
	EndGlobalSection
	GlobalSection(ProjectConfigurationPlatforms) = postSolution
		{30085566-F0B7-4A8E-A5AD-270CDA8C13EF}.Debug|x64.ActiveCfg = Debug|x64
		{30085566-F0B7-4A8E-A5AD-270CDA8C13EF}.Debug|x64.Build.0 = Debug|x64
		{30085566-F0B7-4A8E-A5AD-270CDA8C13EF}.Debug|x86.ActiveCfg = Debug|Win32
		{30085566-F0B7-4A8E-A5AD-270CDA8C13EF}.Debug|x86.Build.0 = Debug|Win32
		{30085566-F0B7-4A8E-A5AD-270CDA8C13EF}.Release|x64.ActiveCfg = Release|x64
		{30085566-F0B7-4A8E-A5AD-270CDA8C13EF}.Release|x64.Build.0 = Release|x64
		{30085566-F0B7-4A8E-A5AD-270CDA8C13EF}.Release|x86.ActiveCfg = Release|Win32
		{30085566-F0B7-4A8E-A5AD-270CDA8C13EF}.Release|x86.Build.0 = Release|Win32
	EndGlobalSection
	GlobalSection(SolutionProperties) = preSolution
		HideSolutionNode = FALSE
	EndGlobalSection
	GlobalSection(ExtensibilityGlobals) = postSolution
		SolutionGuid = {2EF05535-1299-4A88-8067-BCEA54699344}
	EndGlobalSection
EndGlobal
